Microsoft Visual Studio Solution File, Format Version 11.00
# Visual Studio 2008

Project("{FC67BA84-060C-4272-3116-35238E25DCFF}") = "KitchenRoll", "Assembly-CSharp-firstpass-vs.csproj", "{AF568F1B-F82C-4358-B775-2E14941A19BA}"
EndProject
Project("{FC67BA84-060C-4272-3116-35238E25DCFF}") = "KitchenRoll", "Assembly-CSharp-vs.csproj", "{7B56A571-DC4C-9694-3A30-A80999EEED4B}"
EndProject
Global
	GlobalSection(SolutionConfigurationPlatforms) = preSolution
		Debug|Any CPU = Debug|Any CPU
		Release|Any CPU = Release|Any CPU
	EndGlobalSection
	GlobalSection(ProjectConfigurationPlatforms) = postSolution
		{AF568F1B-F82C-4358-B775-2E14941A19BA}.Debug|Any CPU.ActiveCfg = Debug|Any CPU
		{AF568F1B-F82C-4358-B775-2E14941A19BA}.Debug|Any CPU.Build.0 = Debug|Any CPU
		{AF568F1B-F82C-4358-B775-2E14941A19BA}.Release|Any CPU.ActiveCfg = Release|Any CPU
		{AF568F1B-F82C-4358-B775-2E14941A19BA}.Release|Any CPU.Build.0 = Release|Any CPU
		{7B56A571-DC4C-9694-3A30-A80999EEED4B}.Debug|Any CPU.ActiveCfg = Debug|Any CPU
		{7B56A571-DC4C-9694-3A30-A80999EEED4B}.Debug|Any CPU.Build.0 = Debug|Any CPU
		{7B56A571-DC4C-9694-3A30-A80999EEED4B}.Release|Any CPU.ActiveCfg = Release|Any CPU
		{7B56A571-DC4C-9694-3A30-A80999EEED4B}.Release|Any CPU.Build.0 = Release|Any CPU
	EndGlobalSection
	GlobalSection(SolutionProperties) = preSolution
		HideSolutionNode = FALSE
	EndGlobalSection
																			GlobalSection(MonoDevelopProperties) = preSolution
		StartupItem = Assembly-CSharp.csproj
		Policies = $0
		$0.TextStylePolicy = $1
		$1.inheritsSet = null
		$1.scope = text/x-csharp
		$0.CSharpFormattingPolicy = $2
		$2.inheritsSet = Mono
		$2.inheritsScope = text/x-csharp
		$2.scope = text/x-csharp
		$0.TextStylePolicy = $3
		$3.FileWidth = 120
		$3.TabWidth = 4
		$3.EolMarker = Unix
		$3.inheritsSet = Mono
		$3.inheritsScope = text/plain
		$3.scope = text/plain
	EndGlobalSection

EndGlobal
